
Microsoft Visual Studio Solution File, Format Version 12.00
# Visual Studio Version 17
VisualStudioVersion = 17.5.33530.505
MinimumVisualStudioVersion = 10.0.40219.1
Project("{9A19103F-16F7-4668-BE54-9A1E7A4F7556}") = "BoardAPI", "BoardAPI\BoardAPI.csproj", "{B39C9D58-C180-4848-8165-C445BAE1F3F4}"
EndProject
Project("{9A19103F-16F7-4668-BE54-9A1E7A4F7556}") = "DataAccess", "DataAccess\DataAccess.csproj", "{58D8B308-303E-4355-8ED4-9B5074FCBF2B}"
EndProject
Project("{9A19103F-16F7-4668-BE54-9A1E7A4F7556}") = "BusinessLogic", "BusinessLogic\BusinessLogic.csproj", "{0E74A62E-D294-48F2-8DCA-C7E0F17F3A5D}"
EndProject
Global
	GlobalSection(SolutionConfigurationPlatforms) = preSolution
		Debug|Any CPU = Debug|Any CPU
		Release|Any CPU = Release|Any CPU
	EndGlobalSection
	GlobalSection(ProjectConfigurationPlatforms) = postSolution
		{B39C9D58-C180-4848-8165-C445BAE1F3F4}.Debug|Any CPU.ActiveCfg = Debug|Any CPU
		{B39C9D58-C180-4848-8165-C445BAE1F3F4}.Debug|Any CPU.Build.0 = Debug|Any CPU
		{B39C9D58-C180-4848-8165-C445BAE1F3F4}.Release|Any CPU.ActiveCfg = Release|Any CPU
		{B39C9D58-C180-4848-8165-C445BAE1F3F4}.Release|Any CPU.Build.0 = Release|Any CPU
		{58D8B308-303E-4355-8ED4-9B5074FCBF2B}.Debug|Any CPU.ActiveCfg = Debug|Any CPU
		{58D8B308-303E-4355-8ED4-9B5074FCBF2B}.Debug|Any CPU.Build.0 = Debug|Any CPU
		{58D8B308-303E-4355-8ED4-9B5074FCBF2B}.Release|Any CPU.ActiveCfg = Release|Any CPU
		{58D8B308-303E-4355-8ED4-9B5074FCBF2B}.Release|Any CPU.Build.0 = Release|Any CPU
		{0E74A62E-D294-48F2-8DCA-C7E0F17F3A5D}.Debug|Any CPU.ActiveCfg = Debug|Any CPU
		{0E74A62E-D294-48F2-8DCA-C7E0F17F3A5D}.Debug|Any CPU.Build.0 = Debug|Any CPU
		{0E74A62E-D294-48F2-8DCA-C7E0F17F3A5D}.Release|Any CPU.ActiveCfg = Release|Any CPU
		{0E74A62E-D294-48F2-8DCA-C7E0F17F3A5D}.Release|Any CPU.Build.0 = Release|Any CPU
	EndGlobalSection
	GlobalSection(SolutionProperties) = preSolution
		HideSolutionNode = FALSE
	EndGlobalSection
	GlobalSection(ExtensibilityGlobals) = postSolution
		SolutionGuid = {C4C26BE9-4E65-4CB4-A06C-D83610E934DE}
	EndGlobalSection
EndGlobal
